# THIS IS AN AUTOGENERATED FILE. DO NOT EDIT THIS FILE DIRECTLY.
# yarn lockfile v1


swiper@^11.0.6:
  version "11.0.6"
  resolved "https://registry.yarnpkg.com/swiper/-/swiper-11.0.6.tgz#787187e2711b01301b4c67b86b8e03099e2fc9f2"
  integrity sha512-W/Me7MQl5rNgdM5x9i3Gll76WsyVpnHn91GhBOyL7RCFUeg62aVnflzlVfIpXzZ/87FtJOfAoDH79ZH2Yq76zA==
